// !$*UTF8*$!
{
	archiveVersion = 1;
	classes = {
	};
	objectVersion = 46;
	objects = {

/* Begin PBXBuildFile section */
		4965039919C6F2EE004A769D /* MovieDetailsViewController.swift in Sources */ = {isa = PBXBuildFile; fileRef = 4965039819C6F2EE004A769D /* MovieDetailsViewController.swift */; };
		49EA3CC019C6B6FF00C93EB9 /* AppDelegate.swift in Sources */ = {isa = PBXBuildFile; fileRef = 49EA3CBF19C6B6FF00C93EB9 /* AppDelegate.swift */; };
		49EA3CC519C6B6FF00C93EB9 /* Main.storyboard in Resources */ = {isa = PBXBuildFile; fileRef = 49EA3CC319C6B6FF00C93EB9 /* Main.storyboard */; };
		49EA3CC719C6B6FF00C93EB9 /* Images.xcassets in Resources */ = {isa = PBXBuildFile; fileRef = 49EA3CC619C6B6FF00C93EB9 /* Images.xcassets */; };
		49EA3CCA19C6B6FF00C93EB9 /* LaunchScreen.xib in Resources */ = {isa = PBXBuildFile; fileRef = 49EA3CC819C6B6FF00C93EB9 /* LaunchScreen.xib */; };
		49EA3CD619C6B6FF00C93EB9 /* TheRottenListTests.swift in Sources */ = {isa = PBXBuildFile; fileRef = 49EA3CD519C6B6FF00C93EB9 /* TheRottenListTests.swift */; };
		49EA3CE019C6C8D700C93EB9 /* MoviesViewController.swift in Sources */ = {isa = PBXBuildFile; fileRef = 49EA3CDF19C6C8D700C93EB9 /* MoviesViewController.swift */; };
		49EA3CE219C6D0ED00C93EB9 /* MovieCell.swift in Sources */ = {isa = PBXBuildFile; fileRef = 49EA3CE119C6D0ED00C93EB9 /* MovieCell.swift */; };
		E0BE36086A2149E9A7708B84 /* libPods.a in Frameworks */ = {isa = PBXBuildFile; fileRef = 80B0D9E77C58491DA83046C4 /* libPods.a */; };
/* End PBXBuildFile section */

/* Begin PBXContainerItemProxy section */
		49EA3CD019C6B6FF00C93EB9 /* PBXContainerItemProxy */ = {
			isa = PBXContainerItemProxy;
			containerPortal = 49EA3CB219C6B6FE00C93EB9 /* Project object */;
			proxyType = 1;
			remoteGlobalIDString = 49EA3CB919C6B6FE00C93EB9;
			remoteInfo = TheRottenList;
		};
/* End PBXContainerItemProxy section */

/* Begin PBXFileReference section */
		4965039519C6E110004A769D /* TheRottenList-Bridging-Header.h */ = {isa = PBXFileReference; lastKnownFileType = sourcecode.c.h; path = "TheRottenList-Bridging-Header.h"; sourceTree = "<group>"; };
		4965039819C6F2EE004A769D /* MovieDetailsViewController.swift */ = {isa = PBXFileReference; fileEncoding = 4; lastKnownFileType = sourcecode.swift; path = MovieDetailsViewController.swift; sourceTree = "<group>"; };
		49EA3CBA19C6B6FF00C93EB9 /* TheRottenList.app */ = {isa = PBXFileReference; explicitFileType = wrapper.application; includeInIndex = 0; path = TheRottenList.app; sourceTree = BUILT_PRODUCTS_DIR; };
		49EA3CBE19C6B6FF00C93EB9 /* Info.plist */ = {isa = PBXFileReference; lastKnownFileType = text.plist.xml; path = Info.plist; sourceTree = "<group>"; };
		49EA3CBF19C6B6FF00C93EB9 /* AppDelegate.swift */ = {isa = PBXFileReference; lastKnownFileType = sourcecode.swift; path = AppDelegate.swift; sourceTree = "<group>"; };
		49EA3CC419C6B6FF00C93EB9 /* Base */ = {isa = PBXFileReference; lastKnownFileType = file.storyboard; name = Base; path = Base.lproj/Main.storyboard; sourceTree = "<group>"; };
		49EA3CC619C6B6FF00C93EB9 /* Images.xcassets */ = {isa = PBXFileReference; lastKnownFileType = folder.assetcatalog; path = Images.xcassets; sourceTree = "<group>"; };
		49EA3CC919C6B6FF00C93EB9 /* Base */ = {isa = PBXFileReference; lastKnownFileType = file.xib; name = Base; path = Base.lproj/LaunchScreen.xib; sourceTree = "<group>"; };
		49EA3CCF19C6B6FF00C93EB9 /* TheRottenListTests.xctest */ = {isa = PBXFileReference; explicitFileType = wrapper.cfbundle; includeInIndex = 0; path = TheRottenListTests.xctest; sourceTree = BUILT_PRODUCTS_DIR; };
		49EA3CD419C6B6FF00C93EB9 /* Info.plist */ = {isa = PBXFileReference; lastKnownFileType = text.plist.xml; path = Info.plist; sourceTree = "<group>"; };
		49EA3CD519C6B6FF00C93EB9 /* TheRottenListTests.swift */ = {isa = PBXFileReference; lastKnownFileType = sourcecode.swift; path = TheRottenListTests.swift; sourceTree = "<group>"; };
		49EA3CDF19C6C8D700C93EB9 /* MoviesViewController.swift */ = {isa = PBXFileReference; fileEncoding = 4; lastKnownFileType = sourcecode.swift; path = MoviesViewController.swift; sourceTree = "<group>"; };
		49EA3CE119C6D0ED00C93EB9 /* MovieCell.swift */ = {isa = PBXFileReference; fileEncoding = 4; lastKnownFileType = sourcecode.swift; path = MovieCell.swift; sourceTree = "<group>"; };
		80B0D9E77C58491DA83046C4 /* libPods.a */ = {isa = PBXFileReference; explicitFileType = archive.ar; includeInIndex = 0; path = libPods.a; sourceTree = BUILT_PRODUCTS_DIR; };
		A7103D78D62649B3A42BCBBF /* Pods.xcconfig */ = {isa = PBXFileReference; includeInIndex = 1; lastKnownFileType = text.xcconfig; name = Pods.xcconfig; path = Pods/Pods.xcconfig; sourceTree = "<group>"; };
/* End PBXFileReference section */

/* Begin PBXFrameworksBuildPhase section */
		49EA3CB719C6B6FE00C93EB9 /* Frameworks */ = {
			isa = PBXFrameworksBuildPhase;
			buildActionMask = 2147483647;
			files = (
				E0BE36086A2149E9A7708B84 /* libPods.a in Frameworks */,
			);
			runOnlyForDeploymentPostprocessing = 0;
		};
		49EA3CCC19C6B6FF00C93EB9 /* Frameworks */ = {
			isa = PBXFrameworksBuildPhase;
			buildActionMask = 2147483647;
			files = (
			);
			runOnlyForDeploymentPostprocessing = 0;
		};
/* End PBXFrameworksBuildPhase section */

/* Begin PBXGroup section */
		169079B84AF24CD7AE4D23DD /* Frameworks */ = {
			isa = PBXGroup;
			children = (
				80B0D9E77C58491DA83046C4 /* libPods.a */,
			);
			name = Frameworks;
			sourceTree = "<group>";
		};
		49EA3CB119C6B6FE00C93EB9 = {
			isa = PBXGroup;
			children = (
				49EA3CBC19C6B6FF00C93EB9 /* TheRottenList */,
				49EA3CD219C6B6FF00C93EB9 /* TheRottenListTests */,
				49EA3CBB19C6B6FF00C93EB9 /* Products */,
				A7103D78D62649B3A42BCBBF /* Pods.xcconfig */,
				169079B84AF24CD7AE4D23DD /* Frameworks */,
			);
			sourceTree = "<group>";
		};
		49EA3CBB19C6B6FF00C93EB9 /* Products */ = {
			isa = PBXGroup;
			children = (
				49EA3CBA19C6B6FF00C93EB9 /* TheRottenList.app */,
				49EA3CCF19C6B6FF00C93EB9 /* TheRottenListTests.xctest */,
			);
			name = Products;
			sourceTree = "<group>";
		};
		49EA3CBC19C6B6FF00C93EB9 /* TheRottenList */ = {
			isa = PBXGroup;
			children = (
				49EA3CDF19C6C8D700C93EB9 /* MoviesViewController.swift */,
				4965039819C6F2EE004A769D /* MovieDetailsViewController.swift */,
				49EA3CE119C6D0ED00C93EB9 /* MovieCell.swift */,
				49EA3CBF19C6B6FF00C93EB9 /* AppDelegate.swift */,
				49EA3CC319C6B6FF00C93EB9 /* Main.storyboard */,
				49EA3CC619C6B6FF00C93EB9 /* Images.xcassets */,
				49EA3CC819C6B6FF00C93EB9 /* LaunchScreen.xib */,
				49EA3CBD19C6B6FF00C93EB9 /* Supporting Files */,
				4965039519C6E110004A769D /* TheRottenList-Bridging-Header.h */,
			);
			path = TheRottenList;
			sourceTree = "<group>";
		};
		49EA3CBD19C6B6FF00C93EB9 /* Supporting Files */ = {
			isa = PBXGroup;
			children = (
				49EA3CBE19C6B6FF00C93EB9 /* Info.plist */,
			);
			name = "Supporting Files";
			sourceTree = "<group>";
		};
		49EA3CD219C6B6FF00C93EB9 /* TheRottenListTests */ = {
			isa = PBXGroup;
			children = (
				49EA3CD519C6B6FF00C93EB9 /* TheRottenListTests.swift */,
				49EA3CD319C6B6FF00C93EB9 /* Supporting Files */,
			);
			path = TheRottenListTests;
			sourceTree = "<group>";
		};
		49EA3CD319C6B6FF00C93EB9 /* Supporting Files */ = {
			isa = PBXGroup;
			children = (
				49EA3CD419C6B6FF00C93EB9 /* Info.plist */,
			);
			name = "Supporting Files";
			sourceTree = "<group>";
		};
/* End PBXGroup section */

/* Begin PBXNativeTarget section */
		49EA3CB919C6B6FE00C93EB9 /* TheRottenList */ = {
			isa = PBXNativeTarget;
			buildConfigurationList = 49EA3CD919C6B6FF00C93EB9 /* Build configuration list for PBXNativeTarget "TheRottenList" */;
			buildPhases = (
				70B196D436074671B96DBB15 /* Check Pods Manifest.lock */,
				49EA3CB619C6B6FE00C93EB9 /* Sources */,
				49EA3CB719C6B6FE00C93EB9 /* Frameworks */,
				49EA3CB819C6B6FE00C93EB9 /* Resources */,
				788004D981244B758EEC5ADD /* Copy Pods Resources */,
			);
			buildRules = (
			);
			dependencies = (
			);
			name = TheRottenList;
			productName = TheRottenList;
			productReference = 49EA3CBA19C6B6FF00C93EB9 /* TheRottenList.app */;
			productType = "com.apple.product-type.application";
		};
		49EA3CCE19C6B6FF00C93EB9 /* TheRottenListTests */ = {
			isa = PBXNativeTarget;
			buildConfigurationList = 49EA3CDC19C6B6FF00C93EB9 /* Build configuration list for PBXNativeTarget "TheRottenListTests" */;
			buildPhases = (
				49EA3CCB19C6B6FF00C93EB9 /* Sources */,
				49EA3CCC19C6B6FF00C93EB9 /* Frameworks */,
				49EA3CCD19C6B6FF00C93EB9 /* Resources */,
			);
			buildRules = (
			);
			dependencies = (
				49EA3CD119C6B6FF00C93EB9 /* PBXTargetDependency */,
			);
			name = TheRottenListTests;
			productName = TheRottenListTests;
			productReference = 49EA3CCF19C6B6FF00C93EB9 /* TheRottenListTests.xctest */;
			productType = "com.apple.product-type.bundle.unit-test";
		};
/* End PBXNativeTarget section */

/* Begin PBXProject section */
		49EA3CB219C6B6FE00C93EB9 /* Project object */ = {
			isa = PBXProject;
			attributes = {
				LastUpgradeCheck = 0600;
				ORGANIZATIONNAME = "Andrew Chao";
				TargetAttributes = {
					49EA3CB919C6B6FE00C93EB9 = {
						CreatedOnToolsVersion = 6.0;
					};
					49EA3CCE19C6B6FF00C93EB9 = {
						CreatedOnToolsVersion = 6.0;
						TestTargetID = 49EA3CB919C6B6FE00C93EB9;
					};
				};
			};
			buildConfigurationList = 49EA3CB519C6B6FE00C93EB9 /* Build configuration list for PBXProject "TheRottenList" */;
			compatibilityVersion = "Xcode 3.2";
			developmentRegion = English;
			hasScannedForEncodings = 0;
			knownRegions = (
				en,
				Base,
			);
			mainGroup = 49EA3CB119C6B6FE00C93EB9;
			productRefGroup = 49EA3CBB19C6B6FF00C93EB9 /* Products */;
			projectDirPath = "";
			projectRoot = "";
			targets = (
				49EA3CB919C6B6FE00C93EB9 /* TheRottenList */,
				49EA3CCE19C6B6FF00C93EB9 /* TheRottenListTests */,
			);
		};
/* End PBXProject section */

/* Begin PBXResourcesBuildPhase section */
		49EA3CB819C6B6FE00C93EB9 /* Resources */ = {
			isa = PBXResourcesBuildPhase;
			buildActionMask = 2147483647;
			files = (
				49EA3CC519C6B6FF00C93EB9 /* Main.storyboard in Resources */,
				49EA3CCA19C6B6FF00C93EB9 /* LaunchScreen.xib in Resources */,
				49EA3CC719C6B6FF00C93EB9 /* Images.xcassets in Resources */,
			);
			runOnlyForDeploymentPostprocessing = 0;
		};
		49EA3CCD19C6B6FF00C93EB9 /* Resources */ = {
			isa = PBXResourcesBuildPhase;
			buildActionMask = 2147483647;
			files = (
			);
			runOnlyForDeploymentPostprocessing = 0;
		};
/* End PBXResourcesBuildPhase section */

/* Begin PBXShellScriptBuildPhase section */
		70B196D436074671B96DBB15 /* Check Pods Manifest.lock */ = {
			isa = PBXShellScriptBuildPhase;
			buildActionMask = 2147483647;
			files = (
			);
			inputPaths = (
			);
			name = "Check Pods Manifest.lock";
			outputPaths = (
			);
			runOnlyForDeploymentPostprocessing = 0;
			shellPath = /bin/sh;
			shellScript = "diff \"${PODS_ROOT}/../Podfile.lock\" \"${PODS_ROOT}/Manifest.lock\" > /dev/null\nif [[ $? != 0 ]] ; then\n    cat << EOM\nerror: The sandbox is not in sync with the Podfile.lock. Run 'pod install' or update your CocoaPods installation.\nEOM\n    exit 1\nfi\n";
			showEnvVarsInLog = 0;
		};
		788004D981244B758EEC5ADD /* Copy Pods Resources */ = {
			isa = PBXShellScriptBuildPhase;
			buildActionMask = 2147483647;
			files = (
			);
			inputPaths = (
			);
			name = "Copy Pods Resources";
			outputPaths = (
			);
			runOnlyForDeploymentPostprocessing = 0;
			shellPath = /bin/sh;
			shellScript = "\"${SRCROOT}/Pods/Pods-resources.sh\"\n";
			showEnvVarsInLog = 0;
		};
/* End PBXShellScriptBuildPhase section */

/* Begin PBXSourcesBuildPhase section */
		49EA3CB619C6B6FE00C93EB9 /* Sources */ = {
			isa = PBXSourcesBuildPhase;
			buildActionMask = 2147483647;
			files = (
				4965039919C6F2EE004A769D /* MovieDetailsViewController.swift in Sources */,
				49EA3CC019C6B6FF00C93EB9 /* AppDelegate.swift in Sources */,
				49EA3CE019C6C8D700C93EB9 /* MoviesViewController.swift in Sources */,
				49EA3CE219C6D0ED00C93EB9 /* MovieCell.swift in Sources */,
			);
			runOnlyForDeploymentPostprocessing = 0;
		};
		49EA3CCB19C6B6FF00C93EB9 /* Sources */ = {
			isa = PBXSourcesBuildPhase;
			buildActionMask = 2147483647;
			files = (
				49EA3CD619C6B6FF00C93EB9 /* TheRottenListTests.swift in Sources */,
			);
			runOnlyForDeploymentPostprocessing = 0;
		};
/* End PBXSourcesBuildPhase section */

/* Begin PBXTargetDependency section */
		49EA3CD119C6B6FF00C93EB9 /* PBXTargetDependency */ = {
			isa = PBXTargetDependency;
			target = 49EA3CB919C6B6FE00C93EB9 /* TheRottenList */;
			targetProxy = 49EA3CD019C6B6FF00C93EB9 /* PBXContainerItemProxy */;
		};
/* End PBXTargetDependency section */

/* Begin PBXVariantGroup section */
		49EA3CC319C6B6FF00C93EB9 /* Main.storyboard */ = {
			isa = PBXVariantGroup;
			children = (
				49EA3CC419C6B6FF00C93EB9 /* Base */,
			);
			name = Main.storyboard;
			sourceTree = "<group>";
		};
		49EA3CC819C6B6FF00C93EB9 /* LaunchScreen.xib */ = {
			isa = PBXVariantGroup;
			children = (
				49EA3CC919C6B6FF00C93EB9 /* Base */,
			);
			name = LaunchScreen.xib;
			sourceTree = "<group>";
		};
/* End PBXVariantGroup section */

/* Begin XCBuildConfiguration section */
		49EA3CD719C6B6FF00C93EB9 /* Debug */ = {
			isa = XCBuildConfiguration;
			buildSettings = {
				ALWAYS_SEARCH_USER_PATHS = NO;
				CLANG_CXX_LANGUAGE_STANDARD = "gnu++0x";
				CLANG_CXX_LIBRARY = "libc++";
				CLANG_ENABLE_MODULES = YES;
				CLANG_ENABLE_OBJC_ARC = YES;
				CLANG_WARN_BOOL_CONVERSION = YES;
				CLANG_WARN_CONSTANT_CONVERSION = YES;
				CLANG_WARN_DIRECT_OBJC_ISA_USAGE = YES_ERROR;
				CLANG_WARN_EMPTY_BODY = YES;
				CLANG_WARN_ENUM_CONVERSION = YES;
				CLANG_WARN_INT_CONVERSION = YES;
				CLANG_WARN_OBJC_ROOT_CLASS = YES_ERROR;
				CLANG_WARN_UNREACHABLE_CODE = YES;
				CLANG_WARN__DUPLICATE_METHOD_MATCH = YES;
				"CODE_SIGN_IDENTITY[sdk=iphoneos*]" = "iPhone Developer";
				COPY_PHASE_STRIP = NO;
				ENABLE_STRICT_OBJC_MSGSEND = YES;
				GCC_C_LANGUAGE_STANDARD = gnu99;
				GCC_DYNAMIC_NO_PIC = NO;
				GCC_OPTIMIZATION_LEVEL = 0;
				GCC_PREPROCESSOR_DEFINITIONS = (
					"DEBUG=1",
					"$(inherited)",
				);
				GCC_SYMBOLS_PRIVATE_EXTERN = NO;
				GCC_WARN_64_TO_32_BIT_CONVERSION = YES;
				GCC_WARN_ABOUT_RETURN_TYPE = YES_ERROR;
				GCC_WARN_UNDECLARED_SELECTOR = YES;
				GCC_WARN_UNINITIALIZED_AUTOS = YES_AGGRESSIVE;
				GCC_WARN_UNUSED_FUNCTION = YES;
				GCC_WARN_UNUSED_VARIABLE = YES;
				IPHONEOS_DEPLOYMENT_TARGET = 8.0;
				MTL_ENABLE_DEBUG_INFO = YES;
				ONLY_ACTIVE_ARCH = YES;
				SDKROOT = iphoneos;
				SWIFT_OPTIMIZATION_LEVEL = "-Onone";
			};
			name = Debug;
		};
		49EA3CD819C6B6FF00C93EB9 /* Release */ = {
			isa = XCBuildConfiguration;
			buildSettings = {
				ALWAYS_SEARCH_USER_PATHS = NO;
				CLANG_CXX_LANGUAGE_STANDARD = "gnu++0x";
				CLANG_CXX_LIBRARY = "libc++";
				CLANG_ENABLE_MODULES = YES;
				CLANG_ENABLE_OBJC_ARC = YES;
				CLANG_WARN_BOOL_CONVERSION = YES;
				CLANG_WARN_CONSTANT_CONVERSION = YES;
				CLANG_WARN_DIRECT_OBJC_ISA_USAGE = YES_ERROR;
				CLANG_WARN_EMPTY_BODY = YES;
				CLANG_WARN_ENUM_CONVERSION = YES;
				CLANG_WARN_INT_CONVERSION = YES;
				CLANG_WARN_OBJC_ROOT_CLASS = YES_ERROR;
				CLANG_WARN_UNREACHABLE_CODE = YES;
				CLANG_WARN__DUPLICATE_METHOD_MATCH = YES;
				"CODE_SIGN_IDENTITY[sdk=iphoneos*]" = "iPhone Developer";
				COPY_PHASE_STRIP = YES;
				ENABLE_NS_ASSERTIONS = NO;
				ENABLE_STRICT_OBJC_MSGSEND = YES;
				GCC_C_LANGUAGE_STANDARD = gnu99;
				GCC_WARN_64_TO_32_BIT_CONVERSION = YES;
				GCC_WARN_ABOUT_RETURN_TYPE = YES_ERROR;
				GCC_WARN_UNDECLARED_SELECTOR = YES;
				GCC_WARN_UNINITIALIZED_AUTOS = YES_AGGRESSIVE;
				GCC_WARN_UNUSED_FUNCTION = YES;
				GCC_WARN_UNUSED_VARIABLE = YES;
				IPHONEOS_DEPLOYMENT_TARGET = 8.0;
				MTL_ENABLE_DEBUG_INFO = NO;
				SDKROOT = iphoneos;
				VALIDATE_PRODUCT = YES;
			};
			name = Release;
		};
		49EA3CDA19C6B6FF00C93EB9 /* Debug */ = {
			isa = XCBuildConfiguration;
			baseConfigurationReference = A7103D78D62649B3A42BCBBF /* Pods.xcconfig */;
			buildSettings = {
				ASSETCATALOG_COMPILER_APPICON_NAME = AppIcon;
				CLANG_ENABLE_MODULES = YES;
				INFOPLIST_FILE = TheRottenList/Info.plist;
				LD_RUNPATH_SEARCH_PATHS = "$(inherited) @executable_path/Frameworks";
				PRODUCT_NAME = "$(TARGET_NAME)";
				SWIFT_OBJC_BRIDGING_HEADER = "TheRottenList/TheRottenList-Bridging-Header.h";
				SWIFT_OPTIMIZATION_LEVEL = "-Onone";
			};
			name = Debug;
		};
		49EA3CDB19C6B6FF00C93EB9 /* Release */ = {
			isa = XCBuildConfiguration;
			baseConfigurationReference = A7103D78D62649B3A42BCBBF /* Pods.xcconfig */;
			buildSettings = {
				ASSETCATALOG_COMPILER_APPICON_NAME = AppIcon;
				CLANG_ENABLE_MODULES = YES;
				INFOPLIST_FILE = TheRottenList/Info.plist;
				LD_RUNPATH_SEARCH_PATHS = "$(inherited) @executable_path/Frameworks";
				PRODUCT_NAME = "$(TARGET_NAME)";
				SWIFT_OBJC_BRIDGING_HEADER = "TheRottenList/TheRottenList-Bridging-Header.h";
			};
			name = Release;
		};
		49EA3CDD19C6B6FF00C93EB9 /* Debug */ = {
			isa = XCBuildConfiguration;
			buildSettings = {
				BUNDLE_LOADER = "$(TEST_HOST)";
				FRAMEWORK_SEARCH_PATHS = (
					"$(SDKROOT)/Developer/Library/Frameworks",
					"$(inherited)",
				);
				GCC_PREPROCESSOR_DEFINITIONS = (
					"DEBUG=1",
					"$(inherited)",
				);
				INFOPLIST_FILE = TheRottenListTests/Info.plist;
				LD_RUNPATH_SEARCH_PATHS = "$(inherited) @executable_path/Frameworks @loader_path/Frameworks";
				PRODUCT_NAME = "$(TARGET_NAME)";
				TEST_HOST = "$(BUILT_PRODUCTS_DIR)/TheRottenList.app/TheRottenList";
			};
			name = Debug;
		};
		49EA3CDE19C6B6FF00C93EB9 /* Release */ = {
			isa = XCBuildConfiguration;
			buildSettings = {
				BUNDLE_LOADER = "$(TEST_HOST)";
				FRAMEWORK_SEARCH_PATHS = (
					"$(SDKROOT)/Developer/Library/Frameworks",
					"$(inherited)",
				);
				INFOPLIST_FILE = TheRottenListTests/Info.plist;
				LD_RUNPATH_SEARCH_PATHS = "$(inherited) @executable_path/Frameworks @loader_path/Frameworks";
				PRODUCT_NAME = "$(TARGET_NAME)";
				TEST_HOST = "$(BUILT_PRODUCTS_DIR)/TheRottenList.app/TheRottenList";
			};
			name = Release;
		};
/* End XCBuildConfiguration section */

/* Begin XCConfigurationList section */
		49EA3CB519C6B6FE00C93EB9 /* Build configuration list for PBXProject "TheRottenList" */ = {
			isa = XCConfigurationList;
			buildConfigurations = (
				49EA3CD719C6B6FF00C93EB9 /* Debug */,
				49EA3CD819C6B6FF00C93EB9 /* Release */,
			);
			defaultConfigurationIsVisible = 0;
			defaultConfigurationName = Release;
		};
		49EA3CD919C6B6FF00C93EB9 /* Build configuration list for PBXNativeTarget "TheRottenList" */ = {
			isa = XCConfigurationList;
			buildConfigurations = (
				49EA3CDA19C6B6FF00C93EB9 /* Debug */,
				49EA3CDB19C6B6FF00C93EB9 /* Release */,
			);
			defaultConfigurationIsVisible = 0;
			defaultConfigurationName = Release;
		};
		49EA3CDC19C6B6FF00C93EB9 /* Build configuration list for PBXNativeTarget "TheRottenListTests" */ = {
			isa = XCConfigurationList;
			buildConfigurations = (
				49EA3CDD19C6B6FF00C93EB9 /* Debug */,
				49EA3CDE19C6B6FF00C93EB9 /* Release */,
			);
			defaultConfigurationIsVisible = 0;
			defaultConfigurationName = Release;
		};
/* End XCConfigurationList section */
	};
	rootObject = 49EA3CB219C6B6FE00C93EB9 /* Project object */;
}
